// !$*UTF8*$!
{
	archiveVersion = 1;
	classes = {
	};
	objectVersion = 56;
	objects = {

/* Begin PBXBuildFile section */
		E611009E2C83155200578E50 /* AppDelegate.swift in Sources */ = {isa = PBXBuildFile; fileRef = E611009D2C83155200578E50 /* AppDelegate.swift */; };
		E61100A02C83155200578E50 /* SceneDelegate.swift in Sources */ = {isa = PBXBuildFile; fileRef = E611009F2C83155200578E50 /* SceneDelegate.swift */; };
		E61100A22C83155200578E50 /* ViewController.swift in Sources */ = {isa = PBXBuildFile; fileRef = E61100A12C83155200578E50 /* ViewController.swift */; };
		E61100A52C83155200578E50 /* Base in Resources */ = {isa = PBXBuildFile; fileRef = E61100A42C83155200578E50 /* Base */; };
		E61100A72C83155300578E50 /* Assets.xcassets in Resources */ = {isa = PBXBuildFile; fileRef = E61100A62C83155300578E50 /* Assets.xcassets */; };
		E61100AA2C83155300578E50 /* Base in Resources */ = {isa = PBXBuildFile; fileRef = E61100A92C83155300578E50 /* Base */; };
		E61100B42C831A2800578E50 /* ProductCollectionViewCell.swift in Sources */ = {isa = PBXBuildFile; fileRef = E61100B22C831A2800578E50 /* ProductCollectionViewCell.swift */; };
		E61100B52C831A2800578E50 /* ProductCollectionViewCell.xib in Resources */ = {isa = PBXBuildFile; fileRef = E61100B32C831A2800578E50 /* ProductCollectionViewCell.xib */; };
		E61100B82C831BE000578E50 /* ProductDto.swift in Sources */ = {isa = PBXBuildFile; fileRef = E61100B72C831BE000578E50 /* ProductDto.swift */; };
		E61100E12C83478700578E50 /* ModernView.xib in Resources */ = {isa = PBXBuildFile; fileRef = E61100E02C83478700578E50 /* ModernView.xib */; };
		E61100E32C8347B200578E50 /* ModernView.swift in Sources */ = {isa = PBXBuildFile; fileRef = E61100E22C8347B200578E50 /* ModernView.swift */; };
		E61100E52C835EDD00578E50 /* UIVIewExt.swift in Sources */ = {isa = PBXBuildFile; fileRef = E61100E42C835EDD00578E50 /* UIVIewExt.swift */; };
/* End PBXBuildFile section */

/* Begin PBXFileReference section */
		E611009A2C83155200578E50 /* CollectionViewCellFromXib.app */ = {isa = PBXFileReference; explicitFileType = wrapper.application; includeInIndex = 0; path = CollectionViewCellFromXib.app; sourceTree = BUILT_PRODUCTS_DIR; };
		E611009D2C83155200578E50 /* AppDelegate.swift */ = {isa = PBXFileReference; lastKnownFileType = sourcecode.swift; path = AppDelegate.swift; sourceTree = "<group>"; };
		E611009F2C83155200578E50 /* SceneDelegate.swift */ = {isa = PBXFileReference; lastKnownFileType = sourcecode.swift; path = SceneDelegate.swift; sourceTree = "<group>"; };
		E61100A12C83155200578E50 /* ViewController.swift */ = {isa = PBXFileReference; lastKnownFileType = sourcecode.swift; path = ViewController.swift; sourceTree = "<group>"; };
		E61100A42C83155200578E50 /* Base */ = {isa = PBXFileReference; lastKnownFileType = file.storyboard; name = Base; path = Base.lproj/Main.storyboard; sourceTree = "<group>"; };
		E61100A62C83155300578E50 /* Assets.xcassets */ = {isa = PBXFileReference; lastKnownFileType = folder.assetcatalog; path = Assets.xcassets; sourceTree = "<group>"; };
		E61100A92C83155300578E50 /* Base */ = {isa = PBXFileReference; lastKnownFileType = file.storyboard; name = Base; path = Base.lproj/LaunchScreen.storyboard; sourceTree = "<group>"; };
		E61100AB2C83155300578E50 /* Info.plist */ = {isa = PBXFileReference; lastKnownFileType = text.plist.xml; path = Info.plist; sourceTree = "<group>"; };
		E61100B22C831A2800578E50 /* ProductCollectionViewCell.swift */ = {isa = PBXFileReference; lastKnownFileType = sourcecode.swift; path = ProductCollectionViewCell.swift; sourceTree = "<group>"; };
		E61100B32C831A2800578E50 /* ProductCollectionViewCell.xib */ = {isa = PBXFileReference; lastKnownFileType = file.xib; path = ProductCollectionViewCell.xib; sourceTree = "<group>"; };
		E61100B72C831BE000578E50 /* ProductDto.swift */ = {isa = PBXFileReference; lastKnownFileType = sourcecode.swift; path = ProductDto.swift; sourceTree = "<group>"; };
		E61100E02C83478700578E50 /* ModernView.xib */ = {isa = PBXFileReference; lastKnownFileType = file.xib; path = ModernView.xib; sourceTree = "<group>"; };
		E61100E22C8347B200578E50 /* ModernView.swift */ = {isa = PBXFileReference; lastKnownFileType = sourcecode.swift; path = ModernView.swift; sourceTree = "<group>"; };
		E61100E42C835EDD00578E50 /* UIVIewExt.swift */ = {isa = PBXFileReference; lastKnownFileType = sourcecode.swift; path = UIVIewExt.swift; sourceTree = "<group>"; };
/* End PBXFileReference section */

/* Begin PBXFrameworksBuildPhase section */
		E61100972C83155200578E50 /* Frameworks */ = {
			isa = PBXFrameworksBuildPhase;
			buildActionMask = 2147483647;
			files = (
			);
			runOnlyForDeploymentPostprocessing = 0;
		};
/* End PBXFrameworksBuildPhase section */

/* Begin PBXGroup section */
		E61100912C83155200578E50 = {
			isa = PBXGroup;
			children = (
				E611009C2C83155200578E50 /* CollectionViewCellFromXib */,
				E611009B2C83155200578E50 /* Products */,
			);
			sourceTree = "<group>";
		};
		E611009B2C83155200578E50 /* Products */ = {
			isa = PBXGroup;
			children = (
				E611009A2C83155200578E50 /* CollectionViewCellFromXib.app */,
			);
			name = Products;
			sourceTree = "<group>";
		};
		E611009C2C83155200578E50 /* CollectionViewCellFromXib */ = {
			isa = PBXGroup;
			children = (
				E61100DF2C83477A00578E50 /* view */,
				E61100B62C831BCE00578E50 /* Models */,
				E61100B12C831A0800578E50 /* Cells */,
				E611009D2C83155200578E50 /* AppDelegate.swift */,
				E611009F2C83155200578E50 /* SceneDelegate.swift */,
				E61100A12C83155200578E50 /* ViewController.swift */,
				E61100A32C83155200578E50 /* Main.storyboard */,
				E61100A62C83155300578E50 /* Assets.xcassets */,
				E61100A82C83155300578E50 /* LaunchScreen.storyboard */,
				E61100AB2C83155300578E50 /* Info.plist */,
			);
			path = CollectionViewCellFromXib;
			sourceTree = "<group>";
		};
		E61100B12C831A0800578E50 /* Cells */ = {
			isa = PBXGroup;
			children = (
				E61100B22C831A2800578E50 /* ProductCollectionViewCell.swift */,
				E61100B32C831A2800578E50 /* ProductCollectionViewCell.xib */,
			);
			path = Cells;
			sourceTree = "<group>";
		};
		E61100B62C831BCE00578E50 /* Models */ = {
			isa = PBXGroup;
			children = (
				E61100B72C831BE000578E50 /* ProductDto.swift */,
			);
			path = Models;
			sourceTree = "<group>";
		};
		E61100DF2C83477A00578E50 /* view */ = {
			isa = PBXGroup;
			children = (
				E61100E22C8347B200578E50 /* ModernView.swift */,
				E61100E02C83478700578E50 /* ModernView.xib */,
				E61100E42C835EDD00578E50 /* UIVIewExt.swift */,
			);
			path = view;
			sourceTree = "<group>";
		};
/* End PBXGroup section */

/* Begin PBXNativeTarget section */
		E61100992C83155200578E50 /* CollectionViewCellFromXib */ = {
			isa = PBXNativeTarget;
			buildConfigurationList = E61100AE2C83155300578E50 /* Build configuration list for PBXNativeTarget "CollectionViewCellFromXib" */;
			buildPhases = (
				E61100962C83155200578E50 /* Sources */,
				E61100972C83155200578E50 /* Frameworks */,
				E61100982C83155200578E50 /* Resources */,
			);
			buildRules = (
			);
			dependencies = (
			);
			name = CollectionViewCellFromXib;
			productName = CollectionViewCellFromXib;
			productReference = E611009A2C83155200578E50 /* CollectionViewCellFromXib.app */;
			productType = "com.apple.product-type.application";
		};
/* End PBXNativeTarget section */

/* Begin PBXProject section */
		E61100922C83155200578E50 /* Project object */ = {
			isa = PBXProject;
			attributes = {
				BuildIndependentTargetsInParallel = 1;
				LastSwiftUpdateCheck = 1530;
				LastUpgradeCheck = 1530;
				TargetAttributes = {
					E61100992C83155200578E50 = {
						CreatedOnToolsVersion = 15.3;
					};
				};
			};
			buildConfigurationList = E61100952C83155200578E50 /* Build configuration list for PBXProject "CollectionViewCellFromXib" */;
			compatibilityVersion = "Xcode 14.0";
			developmentRegion = en;
			hasScannedForEncodings = 0;
			knownRegions = (
				en,
				Base,
			);
			mainGroup = E61100912C83155200578E50;
			productRefGroup = E611009B2C83155200578E50 /* Products */;
			projectDirPath = "";
			projectRoot = "";
			targets = (
				E61100992C83155200578E50 /* CollectionViewCellFromXib */,
			);
		};
/* End PBXProject section */

/* Begin PBXResourcesBuildPhase section */
		E61100982C83155200578E50 /* Resources */ = {
			isa = PBXResourcesBuildPhase;
			buildActionMask = 2147483647;
			files = (
				E61100A72C83155300578E50 /* Assets.xcassets in Resources */,
				E61100E12C83478700578E50 /* ModernView.xib in Resources */,
				E61100AA2C83155300578E50 /* Base in Resources */,
				E61100B52C831A2800578E50 /* ProductCollectionViewCell.xib in Resources */,
				E61100A52C83155200578E50 /* Base in Resources */,
			);
			runOnlyForDeploymentPostprocessing = 0;
		};
/* End PBXResourcesBuildPhase section */

/* Begin PBXSourcesBuildPhase section */
		E61100962C83155200578E50 /* Sources */ = {
			isa = PBXSourcesBuildPhase;
			buildActionMask = 2147483647;
			files = (
				E61100E52C835EDD00578E50 /* UIVIewExt.swift in Sources */,
				E61100A22C83155200578E50 /* ViewController.swift in Sources */,
				E611009E2C83155200578E50 /* AppDelegate.swift in Sources */,
				E61100B42C831A2800578E50 /* ProductCollectionViewCell.swift in Sources */,
				E61100B82C831BE000578E50 /* ProductDto.swift in Sources */,
				E61100A02C83155200578E50 /* SceneDelegate.swift in Sources */,
				E61100E32C8347B200578E50 /* ModernView.swift in Sources */,
			);
			runOnlyForDeploymentPostprocessing = 0;
		};
/* End PBXSourcesBuildPhase section */

/* Begin PBXVariantGroup section */
		E61100A32C83155200578E50 /* Main.storyboard */ = {
			isa = PBXVariantGroup;
			children = (
				E61100A42C83155200578E50 /* Base */,
			);
			name = Main.storyboard;
			sourceTree = "<group>";
		};
		E61100A82C83155300578E50 /* LaunchScreen.storyboard */ = {
			isa = PBXVariantGroup;
			children = (
				E61100A92C83155300578E50 /* Base */,
			);
			name = LaunchScreen.storyboard;
			sourceTree = "<group>";
		};
/* End PBXVariantGroup section */

/* Begin XCBuildConfiguration section */
		E61100AC2C83155300578E50 /* Debug */ = {
			isa = XCBuildConfiguration;
			buildSettings = {
				ALWAYS_SEARCH_USER_PATHS = NO;
				ASSETCATALOG_COMPILER_GENERATE_SWIFT_ASSET_SYMBOL_EXTENSIONS = YES;
				CLANG_ANALYZER_NONNULL = YES;
				CLANG_ANALYZER_NUMBER_OBJECT_CONVERSION = YES_AGGRESSIVE;
				CLANG_CXX_LANGUAGE_STANDARD = "gnu++20";
				CLANG_ENABLE_MODULES = YES;
				CLANG_ENABLE_OBJC_ARC = YES;
				CLANG_ENABLE_OBJC_WEAK = YES;
				CLANG_WARN_BLOCK_CAPTURE_AUTORELEASING = YES;
				CLANG_WARN_BOOL_CONVERSION = YES;
				CLANG_WARN_COMMA = YES;
				CLANG_WARN_CONSTANT_CONVERSION = YES;
				CLANG_WARN_DEPRECATED_OBJC_IMPLEMENTATIONS = YES;
				CLANG_WARN_DIRECT_OBJC_ISA_USAGE = YES_ERROR;
				CLANG_WARN_DOCUMENTATION_COMMENTS = YES;
				CLANG_WARN_EMPTY_BODY = YES;
				CLANG_WARN_ENUM_CONVERSION = YES;
				CLANG_WARN_INFINITE_RECURSION = YES;
				CLANG_WARN_INT_CONVERSION = YES;
				CLANG_WARN_NON_LITERAL_NULL_CONVERSION = YES;
				CLANG_WARN_OBJC_IMPLICIT_RETAIN_SELF = YES;
				CLANG_WARN_OBJC_LITERAL_CONVERSION = YES;
				CLANG_WARN_OBJC_ROOT_CLASS = YES_ERROR;
				CLANG_WARN_QUOTED_INCLUDE_IN_FRAMEWORK_HEADER = YES;
				CLANG_WARN_RANGE_LOOP_ANALYSIS = YES;
				CLANG_WARN_STRICT_PROTOTYPES = YES;
				CLANG_WARN_SUSPICIOUS_MOVE = YES;
				CLANG_WARN_UNGUARDED_AVAILABILITY = YES_AGGRESSIVE;
				CLANG_WARN_UNREACHABLE_CODE = YES;
				CLANG_WARN__DUPLICATE_METHOD_MATCH = YES;
				COPY_PHASE_STRIP = NO;
				DEBUG_INFORMATION_FORMAT = dwarf;
				ENABLE_STRICT_OBJC_MSGSEND = YES;
				ENABLE_TESTABILITY = YES;
				ENABLE_USER_SCRIPT_SANDBOXING = YES;
				GCC_C_LANGUAGE_STANDARD = gnu17;
				GCC_DYNAMIC_NO_PIC = NO;
				GCC_NO_COMMON_BLOCKS = YES;
				GCC_OPTIMIZATION_LEVEL = 0;
				GCC_PREPROCESSOR_DEFINITIONS = (
					"DEBUG=1",
					"$(inherited)",
				);
				GCC_WARN_64_TO_32_BIT_CONVERSION = YES;
				GCC_WARN_ABOUT_RETURN_TYPE = YES_ERROR;
				GCC_WARN_UNDECLARED_SELECTOR = YES;
				GCC_WARN_UNINITIALIZED_AUTOS = YES_AGGRESSIVE;
				GCC_WARN_UNUSED_FUNCTION = YES;
				GCC_WARN_UNUSED_VARIABLE = YES;
				IPHONEOS_DEPLOYMENT_TARGET = 17.4;
				LOCALIZATION_PREFERS_STRING_CATALOGS = YES;
				MTL_ENABLE_DEBUG_INFO = INCLUDE_SOURCE;
				MTL_FAST_MATH = YES;
				ONLY_ACTIVE_ARCH = YES;
				SDKROOT = iphoneos;
				SWIFT_ACTIVE_COMPILATION_CONDITIONS = "DEBUG $(inherited)";
				SWIFT_OPTIMIZATION_LEVEL = "-Onone";
			};
			name = Debug;
		};
		E61100AD2C83155300578E50 /* Release */ = {
			isa = XCBuildConfiguration;
			buildSettings = {
				ALWAYS_SEARCH_USER_PATHS = NO;
				ASSETCATALOG_COMPILER_GENERATE_SWIFT_ASSET_SYMBOL_EXTENSIONS = YES;
				CLANG_ANALYZER_NONNULL = YES;
				CLANG_ANALYZER_NUMBER_OBJECT_CONVERSION = YES_AGGRESSIVE;
				CLANG_CXX_LANGUAGE_STANDARD = "gnu++20";
				CLANG_ENABLE_MODULES = YES;
				CLANG_ENABLE_OBJC_ARC = YES;
				CLANG_ENABLE_OBJC_WEAK = YES;
				CLANG_WARN_BLOCK_CAPTURE_AUTORELEASING = YES;
				CLANG_WARN_BOOL_CONVERSION = YES;
				CLANG_WARN_COMMA = YES;
				CLANG_WARN_CONSTANT_CONVERSION = YES;
				CLANG_WARN_DEPRECATED_OBJC_IMPLEMENTATIONS = YES;
				CLANG_WARN_DIRECT_OBJC_ISA_USAGE = YES_ERROR;
				CLANG_WARN_DOCUMENTATION_COMMENTS = YES;
				CLANG_WARN_EMPTY_BODY = YES;
				CLANG_WARN_ENUM_CONVERSION = YES;
				CLANG_WARN_INFINITE_RECURSION = YES;
				CLANG_WARN_INT_CONVERSION = YES;
				CLANG_WARN_NON_LITERAL_NULL_CONVERSION = YES;
				CLANG_WARN_OBJC_IMPLICIT_RETAIN_SELF = YES;
				CLANG_WARN_OBJC_LITERAL_CONVERSION = YES;
				CLANG_WARN_OBJC_ROOT_CLASS = YES_ERROR;
				CLANG_WARN_QUOTED_INCLUDE_IN_FRAMEWORK_HEADER = YES;
				CLANG_WARN_RANGE_LOOP_ANALYSIS = YES;
				CLANG_WARN_STRICT_PROTOTYPES = YES;
				CLANG_WARN_SUSPICIOUS_MOVE = YES;
				CLANG_WARN_UNGUARDED_AVAILABILITY = YES_AGGRESSIVE;
				CLANG_WARN_UNREACHABLE_CODE = YES;
				CLANG_WARN__DUPLICATE_METHOD_MATCH = YES;
				COPY_PHASE_STRIP = NO;
				DEBUG_INFORMATION_FORMAT = "dwarf-with-dsym";
				ENABLE_NS_ASSERTIONS = NO;
				ENABLE_STRICT_OBJC_MSGSEND = YES;
				ENABLE_USER_SCRIPT_SANDBOXING = YES;
				GCC_C_LANGUAGE_STANDARD = gnu17;
				GCC_NO_COMMON_BLOCKS = YES;
				GCC_WARN_64_TO_32_BIT_CONVERSION = YES;
				GCC_WARN_ABOUT_RETURN_TYPE = YES_ERROR;
				GCC_WARN_UNDECLARED_SELECTOR = YES;
				GCC_WARN_UNINITIALIZED_AUTOS = YES_AGGRESSIVE;
				GCC_WARN_UNUSED_FUNCTION = YES;
				GCC_WARN_UNUSED_VARIABLE = YES;
				IPHONEOS_DEPLOYMENT_TARGET = 17.4;
				LOCALIZATION_PREFERS_STRING_CATALOGS = YES;
				MTL_ENABLE_DEBUG_INFO = NO;
				MTL_FAST_MATH = YES;
				SDKROOT = iphoneos;
				SWIFT_COMPILATION_MODE = wholemodule;
				VALIDATE_PRODUCT = YES;
			};
			name = Release;
		};
		E61100AF2C83155300578E50 /* Debug */ = {
			isa = XCBuildConfiguration;
			buildSettings = {
				ASSETCATALOG_COMPILER_APPICON_NAME = AppIcon;
				ASSETCATALOG_COMPILER_GLOBAL_ACCENT_COLOR_NAME = AccentColor;
				CODE_SIGN_STYLE = Automatic;
				CURRENT_PROJECT_VERSION = 1;
				DEVELOPMENT_TEAM = 8P332J2ULD;
				GENERATE_INFOPLIST_FILE = YES;
				INFOPLIST_FILE = CollectionViewCellFromXib/Info.plist;
				INFOPLIST_KEY_UIApplicationSupportsIndirectInputEvents = YES;
				INFOPLIST_KEY_UILaunchStoryboardName = LaunchScreen;
				INFOPLIST_KEY_UIMainStoryboardFile = Main;
				INFOPLIST_KEY_UISupportedInterfaceOrientations_iPad = "UIInterfaceOrientationPortrait UIInterfaceOrientationPortraitUpsideDown UIInterfaceOrientationLandscapeLeft UIInterfaceOrientationLandscapeRight";
				INFOPLIST_KEY_UISupportedInterfaceOrientations_iPhone = "UIInterfaceOrientationPortrait UIInterfaceOrientationLandscapeLeft UIInterfaceOrientationLandscapeRight";
				LD_RUNPATH_SEARCH_PATHS = (
					"$(inherited)",
					"@executable_path/Frameworks",
				);
				MARKETING_VERSION = 1.0;
				PRODUCT_BUNDLE_IDENTIFIER = modernwebsites.co.za.CollectionViewCellFromXib;
				PRODUCT_NAME = "$(TARGET_NAME)";
				SWIFT_EMIT_LOC_STRINGS = YES;
				SWIFT_VERSION = 5.0;
				TARGETED_DEVICE_FAMILY = "1,2";
			};
			name = Debug;
		};
		E61100B02C83155300578E50 /* Release */ = {
			isa = XCBuildConfiguration;
			buildSettings = {
				ASSETCATALOG_COMPILER_APPICON_NAME = AppIcon;
				ASSETCATALOG_COMPILER_GLOBAL_ACCENT_COLOR_NAME = AccentColor;
				CODE_SIGN_STYLE = Automatic;
				CURRENT_PROJECT_VERSION = 1;
				DEVELOPMENT_TEAM = 8P332J2ULD;
				GENERATE_INFOPLIST_FILE = YES;
				INFOPLIST_FILE = CollectionViewCellFromXib/Info.plist;
				INFOPLIST_KEY_UIApplicationSupportsIndirectInputEvents = YES;
				INFOPLIST_KEY_UILaunchStoryboardName = LaunchScreen;
				INFOPLIST_KEY_UIMainStoryboardFile = Main;
				INFOPLIST_KEY_UISupportedInterfaceOrientations_iPad = "UIInterfaceOrientationPortrait UIInterfaceOrientationPortraitUpsideDown UIInterfaceOrientationLandscapeLeft UIInterfaceOrientationLandscapeRight";
				INFOPLIST_KEY_UISupportedInterfaceOrientations_iPhone = "UIInterfaceOrientationPortrait UIInterfaceOrientationLandscapeLeft UIInterfaceOrientationLandscapeRight";
				LD_RUNPATH_SEARCH_PATHS = (
					"$(inherited)",
					"@executable_path/Frameworks",
				);
				MARKETING_VERSION = 1.0;
				PRODUCT_BUNDLE_IDENTIFIER = modernwebsites.co.za.CollectionViewCellFromXib;
				PRODUCT_NAME = "$(TARGET_NAME)";
				SWIFT_EMIT_LOC_STRINGS = YES;
				SWIFT_VERSION = 5.0;
				TARGETED_DEVICE_FAMILY = "1,2";
			};
			name = Release;
		};
/* End XCBuildConfiguration section */

/* Begin XCConfigurationList section */
		E61100952C83155200578E50 /* Build configuration list for PBXProject "CollectionViewCellFromXib" */ = {
			isa = XCConfigurationList;
			buildConfigurations = (
				E61100AC2C83155300578E50 /* Debug */,
				E61100AD2C83155300578E50 /* Release */,
			);
			defaultConfigurationIsVisible = 0;
			defaultConfigurationName = Release;
		};
		E61100AE2C83155300578E50 /* Build configuration list for PBXNativeTarget "CollectionViewCellFromXib" */ = {
			isa = XCConfigurationList;
			buildConfigurations = (
				E61100AF2C83155300578E50 /* Debug */,
				E61100B02C83155300578E50 /* Release */,
			);
			defaultConfigurationIsVisible = 0;
			defaultConfigurationName = Release;
		};
/* End XCConfigurationList section */
	};
	rootObject = E61100922C83155200578E50 /* Project object */;
}
